{
  "name": "palindromedigistar",
  "version": "1.0.0",
  "lockfileVersion": 3,
  "requires": true,
  "packages": {
    "": {
      "name": "palindromedigistar",
      "version": "1.0.0",
      "license": "ISC",
      "dependencies": {
        "palindromedigistar": "^1.0.0"
      }
    },
    "node_modules/palindromedigistar": {
      "version": "1.0.0",
      "resolved": "https://registry.npmjs.org/palindromedigistar/-/palindromedigistar-1.0.0.tgz",
      "integrity": "sha512-pRN1jNtpLkHNjKNQf69P3R4cD0hJ8npFUHxtlqEw6CXiUhTN1e+Q84mnF6+GTVqDF5yfvN7e6IAMzQbkV4kBXQ==",
      "license": "ISC"
    }
  }
}
